// !$*UTF8*$!
{
	archiveVersion = 1;
	classes = {
	};
	objectVersion = 55;
	objects = {

/* Begin PBXBuildFile section */
		502750542868C4A200D91944 /* Worterbcuh.swift in Sources */ = {isa = PBXBuildFile; fileRef = 502750532868C4A200D91944 /* Worterbcuh.swift */; };
		502750562868C4A200D91944 /* MainView.swift in Sources */ = {isa = PBXBuildFile; fileRef = 502750552868C4A200D91944 /* MainView.swift */; };
		502750582868C4A300D91944 /* Assets.xcassets in Resources */ = {isa = PBXBuildFile; fileRef = 502750572868C4A300D91944 /* Assets.xcassets */; };
		5027505B2868C4A300D91944 /* Preview Assets.xcassets in Resources */ = {isa = PBXBuildFile; fileRef = 5027505A2868C4A300D91944 /* Preview Assets.xcassets */; };
		502750642868D24500D91944 /* verbsInformations.swift in Sources */ = {isa = PBXBuildFile; fileRef = 502750632868D24500D91944 /* verbsInformations.swift */; };
		502750662868D71500D91944 /* Helper.swift in Sources */ = {isa = PBXBuildFile; fileRef = 502750652868D71500D91944 /* Helper.swift */; };
		506CF42128F70CEB002F7D9B /* words.json in Resources */ = {isa = PBXBuildFile; fileRef = 506CF42028F70CEB002F7D9B /* words.json */; };
		5606035F29100B0400FDBC60 /* Worterbuch.xcdatamodeld in Sources */ = {isa = PBXBuildFile; fileRef = 5606035D29100B0400FDBC60 /* Worterbuch.xcdatamodeld */; };
		56338D5128F88C3000E29692 /* DynamicVerbsView.swift in Sources */ = {isa = PBXBuildFile; fileRef = 56338D5028F88C3000E29692 /* DynamicVerbsView.swift */; };
		563D094828EDB8AE00F336D6 /* Favorites.swift in Sources */ = {isa = PBXBuildFile; fileRef = 563D094728EDB8AE00F336D6 /* Favorites.swift */; };
		563D094A28EDB8F800F336D6 /* Add.swift in Sources */ = {isa = PBXBuildFile; fileRef = 563D094928EDB8F800F336D6 /* Add.swift */; };
		563D094C28EDBE0300F336D6 /* Home.swift in Sources */ = {isa = PBXBuildFile; fileRef = 563D094B28EDBE0300F336D6 /* Home.swift */; };
		5693B02028F19655001189D7 /* SearchView.swift in Sources */ = {isa = PBXBuildFile; fileRef = 5693B01F28F19655001189D7 /* SearchView.swift */; };
/* End PBXBuildFile section */

/* Begin PBXFileReference section */
		502750502868C4A200D91944 /* Worterbuch.app */ = {isa = PBXFileReference; explicitFileType = wrapper.application; includeInIndex = 0; path = Worterbuch.app; sourceTree = BUILT_PRODUCTS_DIR; };
		502750532868C4A200D91944 /* Worterbcuh.swift */ = {isa = PBXFileReference; lastKnownFileType = sourcecode.swift; path = Worterbcuh.swift; sourceTree = "<group>"; };
		502750552868C4A200D91944 /* MainView.swift */ = {isa = PBXFileReference; lastKnownFileType = sourcecode.swift; path = MainView.swift; sourceTree = "<group>"; };
		502750572868C4A300D91944 /* Assets.xcassets */ = {isa = PBXFileReference; lastKnownFileType = folder.assetcatalog; path = Assets.xcassets; sourceTree = "<group>"; };
		5027505A2868C4A300D91944 /* Preview Assets.xcassets */ = {isa = PBXFileReference; lastKnownFileType = folder.assetcatalog; path = "Preview Assets.xcassets"; sourceTree = "<group>"; };
		502750632868D24500D91944 /* verbsInformations.swift */ = {isa = PBXFileReference; lastKnownFileType = sourcecode.swift; path = verbsInformations.swift; sourceTree = "<group>"; };
		502750652868D71500D91944 /* Helper.swift */ = {isa = PBXFileReference; lastKnownFileType = sourcecode.swift; path = Helper.swift; sourceTree = "<group>"; };
		506CF42028F70CEB002F7D9B /* words.json */ = {isa = PBXFileReference; lastKnownFileType = text.json; path = words.json; sourceTree = "<group>"; };
		5606035E29100B0400FDBC60 /* Worterbuch.xcdatamodel */ = {isa = PBXFileReference; lastKnownFileType = wrapper.xcdatamodel; path = Worterbuch.xcdatamodel; sourceTree = "<group>"; };
		56338D5028F88C3000E29692 /* DynamicVerbsView.swift */ = {isa = PBXFileReference; lastKnownFileType = sourcecode.swift; path = DynamicVerbsView.swift; sourceTree = "<group>"; };
		563D094728EDB8AE00F336D6 /* Favorites.swift */ = {isa = PBXFileReference; lastKnownFileType = sourcecode.swift; path = Favorites.swift; sourceTree = "<group>"; };
		563D094928EDB8F800F336D6 /* Add.swift */ = {isa = PBXFileReference; lastKnownFileType = sourcecode.swift; path = Add.swift; sourceTree = "<group>"; };
		563D094B28EDBE0300F336D6 /* Home.swift */ = {isa = PBXFileReference; lastKnownFileType = sourcecode.swift; path = Home.swift; sourceTree = "<group>"; };
		5693B01F28F19655001189D7 /* SearchView.swift */ = {isa = PBXFileReference; lastKnownFileType = sourcecode.swift; path = SearchView.swift; sourceTree = "<group>"; };
/* End PBXFileReference section */

/* Begin PBXFrameworksBuildPhase section */
		5027504D2868C4A200D91944 /* Frameworks */ = {
			isa = PBXFrameworksBuildPhase;
			buildActionMask = 2147483647;
			files = (
			);
			runOnlyForDeploymentPostprocessing = 0;
		};
/* End PBXFrameworksBuildPhase section */

/* Begin PBXGroup section */
		502750472868C4A200D91944 = {
			isa = PBXGroup;
			children = (
				502750522868C4A200D91944 /* Dictionary-De */,
				502750512868C4A200D91944 /* Products */,
			);
			sourceTree = "<group>";
		};
		502750512868C4A200D91944 /* Products */ = {
			isa = PBXGroup;
			children = (
				502750502868C4A200D91944 /* Worterbuch.app */,
			);
			name = Products;
			sourceTree = "<group>";
		};
		502750522868C4A200D91944 /* Dictionary-De */ = {
			isa = PBXGroup;
			children = (
				502750632868D24500D91944 /* verbsInformations.swift */,
				502750532868C4A200D91944 /* Worterbcuh.swift */,
				502750552868C4A200D91944 /* MainView.swift */,
				563D094728EDB8AE00F336D6 /* Favorites.swift */,
				563D094B28EDBE0300F336D6 /* Home.swift */,
				563D094928EDB8F800F336D6 /* Add.swift */,
				5693B01F28F19655001189D7 /* SearchView.swift */,
				502750572868C4A300D91944 /* Assets.xcassets */,
				502750592868C4A300D91944 /* Preview Content */,
				56338D5028F88C3000E29692 /* DynamicVerbsView.swift */,
				5606035D29100B0400FDBC60 /* Worterbuch.xcdatamodeld */,
			);
			path = "Dictionary-De";
			sourceTree = "<group>";
		};
		502750592868C4A300D91944 /* Preview Content */ = {
			isa = PBXGroup;
			children = (
				5027505A2868C4A300D91944 /* Preview Assets.xcassets */,
				502750652868D71500D91944 /* Helper.swift */,
				506CF42028F70CEB002F7D9B /* words.json */,
			);
			path = "Preview Content";
			sourceTree = "<group>";
		};
/* End PBXGroup section */

/* Begin PBXNativeTarget section */
		5027504F2868C4A200D91944 /* Worterbuch */ = {
			isa = PBXNativeTarget;
			buildConfigurationList = 5027505E2868C4A300D91944 /* Build configuration list for PBXNativeTarget "Worterbuch" */;
			buildPhases = (
				5027504C2868C4A200D91944 /* Sources */,
				5027504D2868C4A200D91944 /* Frameworks */,
				5027504E2868C4A200D91944 /* Resources */,
			);
			buildRules = (
			);
			dependencies = (
			);
			name = Worterbuch;
			productName = "Dictionary-De";
			productReference = 502750502868C4A200D91944 /* Worterbuch.app */;
			productType = "com.apple.product-type.application";
		};
/* End PBXNativeTarget section */

/* Begin PBXProject section */
		502750482868C4A200D91944 /* Project object */ = {
			isa = PBXProject;
			attributes = {
				BuildIndependentTargetsInParallel = 1;
				LastSwiftUpdateCheck = 1330;
				LastUpgradeCheck = 1330;
				TargetAttributes = {
					5027504F2868C4A200D91944 = {
						CreatedOnToolsVersion = 13.3;
					};
				};
			};
			buildConfigurationList = 5027504B2868C4A200D91944 /* Build configuration list for PBXProject "Worterbuch" */;
			compatibilityVersion = "Xcode 13.0";
			developmentRegion = en;
			hasScannedForEncodings = 0;
			knownRegions = (
				en,
				Base,
			);
			mainGroup = 502750472868C4A200D91944;
			productRefGroup = 502750512868C4A200D91944 /* Products */;
			projectDirPath = "";
			projectRoot = "";
			targets = (
				5027504F2868C4A200D91944 /* Worterbuch */,
			);
		};
/* End PBXProject section */

/* Begin PBXResourcesBuildPhase section */
		5027504E2868C4A200D91944 /* Resources */ = {
			isa = PBXResourcesBuildPhase;
			buildActionMask = 2147483647;
			files = (
				506CF42128F70CEB002F7D9B /* words.json in Resources */,
				5027505B2868C4A300D91944 /* Preview Assets.xcassets in Resources */,
				502750582868C4A300D91944 /* Assets.xcassets in Resources */,
			);
			runOnlyForDeploymentPostprocessing = 0;
		};
/* End PBXResourcesBuildPhase section */

/* Begin PBXSourcesBuildPhase section */
		5027504C2868C4A200D91944 /* Sources */ = {
			isa = PBXSourcesBuildPhase;
			buildActionMask = 2147483647;
			files = (
				5606035F29100B0400FDBC60 /* Worterbuch.xcdatamodeld in Sources */,
				502750562868C4A200D91944 /* MainView.swift in Sources */,
				502750542868C4A200D91944 /* Worterbcuh.swift in Sources */,
				502750662868D71500D91944 /* Helper.swift in Sources */,
				563D094A28EDB8F800F336D6 /* Add.swift in Sources */,
				5693B02028F19655001189D7 /* SearchView.swift in Sources */,
				56338D5128F88C3000E29692 /* DynamicVerbsView.swift in Sources */,
				563D094828EDB8AE00F336D6 /* Favorites.swift in Sources */,
				502750642868D24500D91944 /* verbsInformations.swift in Sources */,
				563D094C28EDBE0300F336D6 /* Home.swift in Sources */,
			);
			runOnlyForDeploymentPostprocessing = 0;
		};
/* End PBXSourcesBuildPhase section */

/* Begin XCBuildConfiguration section */
		5027505C2868C4A300D91944 /* Debug */ = {
			isa = XCBuildConfiguration;
			buildSettings = {
				ALWAYS_SEARCH_USER_PATHS = NO;
				CLANG_ANALYZER_NONNULL = YES;
				CLANG_ANALYZER_NUMBER_OBJECT_CONVERSION = YES_AGGRESSIVE;
				CLANG_CXX_LANGUAGE_STANDARD = "gnu++17";
				CLANG_ENABLE_MODULES = YES;
				CLANG_ENABLE_OBJC_ARC = YES;
				CLANG_ENABLE_OBJC_WEAK = YES;
				CLANG_WARN_BLOCK_CAPTURE_AUTORELEASING = YES;
				CLANG_WARN_BOOL_CONVERSION = YES;
				CLANG_WARN_COMMA = YES;
				CLANG_WARN_CONSTANT_CONVERSION = YES;
				CLANG_WARN_DEPRECATED_OBJC_IMPLEMENTATIONS = YES;
				CLANG_WARN_DIRECT_OBJC_ISA_USAGE = YES_ERROR;
				CLANG_WARN_DOCUMENTATION_COMMENTS = YES;
				CLANG_WARN_EMPTY_BODY = YES;
				CLANG_WARN_ENUM_CONVERSION = YES;
				CLANG_WARN_INFINITE_RECURSION = YES;
				CLANG_WARN_INT_CONVERSION = YES;
				CLANG_WARN_NON_LITERAL_NULL_CONVERSION = YES;
				CLANG_WARN_OBJC_IMPLICIT_RETAIN_SELF = YES;
				CLANG_WARN_OBJC_LITERAL_CONVERSION = YES;
				CLANG_WARN_OBJC_ROOT_CLASS = YES_ERROR;
				CLANG_WARN_QUOTED_INCLUDE_IN_FRAMEWORK_HEADER = YES;
				CLANG_WARN_RANGE_LOOP_ANALYSIS = YES;
				CLANG_WARN_STRICT_PROTOTYPES = YES;
				CLANG_WARN_SUSPICIOUS_MOVE = YES;
				CLANG_WARN_UNGUARDED_AVAILABILITY = YES_AGGRESSIVE;
				CLANG_WARN_UNREACHABLE_CODE = YES;
				CLANG_WARN__DUPLICATE_METHOD_MATCH = YES;
				COPY_PHASE_STRIP = NO;
				DEBUG_INFORMATION_FORMAT = dwarf;
				ENABLE_STRICT_OBJC_MSGSEND = YES;
				ENABLE_TESTABILITY = YES;
				GCC_C_LANGUAGE_STANDARD = gnu11;
				GCC_DYNAMIC_NO_PIC = NO;
				GCC_NO_COMMON_BLOCKS = YES;
				GCC_OPTIMIZATION_LEVEL = 0;
				GCC_PREPROCESSOR_DEFINITIONS = (
					"DEBUG=1",
					"$(inherited)",
				);
				GCC_WARN_64_TO_32_BIT_CONVERSION = YES;
				GCC_WARN_ABOUT_RETURN_TYPE = YES_ERROR;
				GCC_WARN_UNDECLARED_SELECTOR = YES;
				GCC_WARN_UNINITIALIZED_AUTOS = YES_AGGRESSIVE;
				GCC_WARN_UNUSED_FUNCTION = YES;
				GCC_WARN_UNUSED_VARIABLE = YES;
				IPHONEOS_DEPLOYMENT_TARGET = 15.4;
				MTL_ENABLE_DEBUG_INFO = INCLUDE_SOURCE;
				MTL_FAST_MATH = YES;
				ONLY_ACTIVE_ARCH = YES;
				SDKROOT = iphoneos;
				SWIFT_ACTIVE_COMPILATION_CONDITIONS = DEBUG;
				SWIFT_OPTIMIZATION_LEVEL = "-Onone";
			};
			name = Debug;
		};
		5027505D2868C4A300D91944 /* Release */ = {
			isa = XCBuildConfiguration;
			buildSettings = {
				ALWAYS_SEARCH_USER_PATHS = NO;
				CLANG_ANALYZER_NONNULL = YES;
				CLANG_ANALYZER_NUMBER_OBJECT_CONVERSION = YES_AGGRESSIVE;
				CLANG_CXX_LANGUAGE_STANDARD = "gnu++17";
				CLANG_ENABLE_MODULES = YES;
				CLANG_ENABLE_OBJC_ARC = YES;
				CLANG_ENABLE_OBJC_WEAK = YES;
				CLANG_WARN_BLOCK_CAPTURE_AUTORELEASING = YES;
				CLANG_WARN_BOOL_CONVERSION = YES;
				CLANG_WARN_COMMA = YES;
				CLANG_WARN_CONSTANT_CONVERSION = YES;
				CLANG_WARN_DEPRECATED_OBJC_IMPLEMENTATIONS = YES;
				CLANG_WARN_DIRECT_OBJC_ISA_USAGE = YES_ERROR;
				CLANG_WARN_DOCUMENTATION_COMMENTS = YES;
				CLANG_WARN_EMPTY_BODY = YES;
				CLANG_WARN_ENUM_CONVERSION = YES;
				CLANG_WARN_INFINITE_RECURSION = YES;
				CLANG_WARN_INT_CONVERSION = YES;
				CLANG_WARN_NON_LITERAL_NULL_CONVERSION = YES;
				CLANG_WARN_OBJC_IMPLICIT_RETAIN_SELF = YES;
				CLANG_WARN_OBJC_LITERAL_CONVERSION = YES;
				CLANG_WARN_OBJC_ROOT_CLASS = YES_ERROR;
				CLANG_WARN_QUOTED_INCLUDE_IN_FRAMEWORK_HEADER = YES;
				CLANG_WARN_RANGE_LOOP_ANALYSIS = YES;
				CLANG_WARN_STRICT_PROTOTYPES = YES;
				CLANG_WARN_SUSPICIOUS_MOVE = YES;
				CLANG_WARN_UNGUARDED_AVAILABILITY = YES_AGGRESSIVE;
				CLANG_WARN_UNREACHABLE_CODE = YES;
				CLANG_WARN__DUPLICATE_METHOD_MATCH = YES;
				COPY_PHASE_STRIP = NO;
				DEBUG_INFORMATION_FORMAT = "dwarf-with-dsym";
				ENABLE_NS_ASSERTIONS = NO;
				ENABLE_STRICT_OBJC_MSGSEND = YES;
				GCC_C_LANGUAGE_STANDARD = gnu11;
				GCC_NO_COMMON_BLOCKS = YES;
				GCC_WARN_64_TO_32_BIT_CONVERSION = YES;
				GCC_WARN_ABOUT_RETURN_TYPE = YES_ERROR;
				GCC_WARN_UNDECLARED_SELECTOR = YES;
				GCC_WARN_UNINITIALIZED_AUTOS = YES_AGGRESSIVE;
				GCC_WARN_UNUSED_FUNCTION = YES;
				GCC_WARN_UNUSED_VARIABLE = YES;
				IPHONEOS_DEPLOYMENT_TARGET = 15.4;
				MTL_ENABLE_DEBUG_INFO = NO;
				MTL_FAST_MATH = YES;
				SDKROOT = iphoneos;
				SWIFT_COMPILATION_MODE = wholemodule;
				SWIFT_OPTIMIZATION_LEVEL = "-O";
				VALIDATE_PRODUCT = YES;
			};
			name = Release;
		};
		5027505F2868C4A300D91944 /* Debug */ = {
			isa = XCBuildConfiguration;
			buildSettings = {
				ASSETCATALOG_COMPILER_APPICON_NAME = AppIcon;
				ASSETCATALOG_COMPILER_GLOBAL_ACCENT_COLOR_NAME = AccentColor;
				CODE_SIGN_IDENTITY = "Apple Development";
				CODE_SIGN_STYLE = Automatic;
				CURRENT_PROJECT_VERSION = 1;
				DEVELOPMENT_ASSET_PATHS = "\"Dictionary-De/Preview Content\"";
				DEVELOPMENT_TEAM = W2FL22WPNW;
				ENABLE_PREVIEWS = YES;
				GENERATE_INFOPLIST_FILE = YES;
				INFOPLIST_KEY_UIApplicationSceneManifest_Generation = YES;
				INFOPLIST_KEY_UIApplicationSupportsIndirectInputEvents = YES;
				INFOPLIST_KEY_UILaunchScreen_Generation = YES;
				INFOPLIST_KEY_UISupportedInterfaceOrientations_iPad = "UIInterfaceOrientationPortrait UIInterfaceOrientationPortraitUpsideDown UIInterfaceOrientationLandscapeLeft UIInterfaceOrientationLandscapeRight";
				INFOPLIST_KEY_UISupportedInterfaceOrientations_iPhone = "UIInterfaceOrientationPortrait UIInterfaceOrientationLandscapeLeft UIInterfaceOrientationLandscapeRight";
				LD_RUNPATH_SEARCH_PATHS = (
					"$(inherited)",
					"@executable_path/Frameworks",
				);
				MARKETING_VERSION = 1.0;
				PRODUCT_BUNDLE_IDENTIFIER = "NS.Deutsch-Deutscg.Dictionary";
				PRODUCT_NAME = "$(TARGET_NAME)";
				PROVISIONING_PROFILE_SPECIFIER = "";
				SWIFT_EMIT_LOC_STRINGS = YES;
				SWIFT_VERSION = 5.0;
				TARGETED_DEVICE_FAMILY = "1,2";
			};
			name = Debug;
		};
		502750602868C4A300D91944 /* Release */ = {
			isa = XCBuildConfiguration;
			buildSettings = {
				ASSETCATALOG_COMPILER_APPICON_NAME = AppIcon;
				ASSETCATALOG_COMPILER_GLOBAL_ACCENT_COLOR_NAME = AccentColor;
				CODE_SIGN_IDENTITY = "Apple Development";
				CODE_SIGN_STYLE = Automatic;
				CURRENT_PROJECT_VERSION = 1;
				DEVELOPMENT_ASSET_PATHS = "\"Dictionary-De/Preview Content\"";
				DEVELOPMENT_TEAM = W2FL22WPNW;
				ENABLE_PREVIEWS = YES;
				GENERATE_INFOPLIST_FILE = YES;
				INFOPLIST_KEY_UIApplicationSceneManifest_Generation = YES;
				INFOPLIST_KEY_UIApplicationSupportsIndirectInputEvents = YES;
				INFOPLIST_KEY_UILaunchScreen_Generation = YES;
				INFOPLIST_KEY_UISupportedInterfaceOrientations_iPad = "UIInterfaceOrientationPortrait UIInterfaceOrientationPortraitUpsideDown UIInterfaceOrientationLandscapeLeft UIInterfaceOrientationLandscapeRight";
				INFOPLIST_KEY_UISupportedInterfaceOrientations_iPhone = "UIInterfaceOrientationPortrait UIInterfaceOrientationLandscapeLeft UIInterfaceOrientationLandscapeRight";
				LD_RUNPATH_SEARCH_PATHS = (
					"$(inherited)",
					"@executable_path/Frameworks",
				);
				MARKETING_VERSION = 1.0;
				PRODUCT_BUNDLE_IDENTIFIER = "NS.Deutsch-Deutscg.Dictionary";
				PRODUCT_NAME = "$(TARGET_NAME)";
				PROVISIONING_PROFILE_SPECIFIER = "";
				SWIFT_EMIT_LOC_STRINGS = YES;
				SWIFT_VERSION = 5.0;
				TARGETED_DEVICE_FAMILY = "1,2";
			};
			name = Release;
		};
/* End XCBuildConfiguration section */

/* Begin XCConfigurationList section */
		5027504B2868C4A200D91944 /* Build configuration list for PBXProject "Worterbuch" */ = {
			isa = XCConfigurationList;
			buildConfigurations = (
				5027505C2868C4A300D91944 /* Debug */,
				5027505D2868C4A300D91944 /* Release */,
			);
			defaultConfigurationIsVisible = 0;
			defaultConfigurationName = Release;
		};
		5027505E2868C4A300D91944 /* Build configuration list for PBXNativeTarget "Worterbuch" */ = {
			isa = XCConfigurationList;
			buildConfigurations = (
				5027505F2868C4A300D91944 /* Debug */,
				502750602868C4A300D91944 /* Release */,
			);
			defaultConfigurationIsVisible = 0;
			defaultConfigurationName = Release;
		};
/* End XCConfigurationList section */

/* Begin XCVersionGroup section */
		5606035D29100B0400FDBC60 /* Worterbuch.xcdatamodeld */ = {
			isa = XCVersionGroup;
			children = (
				5606035E29100B0400FDBC60 /* Worterbuch.xcdatamodel */,
			);
			currentVersion = 5606035E29100B0400FDBC60 /* Worterbuch.xcdatamodel */;
			path = Worterbuch.xcdatamodeld;
			sourceTree = "<group>";
			versionGroupType = wrapper.xcdatamodel;
		};
/* End XCVersionGroup section */
	};
	rootObject = 502750482868C4A200D91944 /* Project object */;
}
