// !$*UTF8*$!
{
	archiveVersion = 1;
	classes = {
	};
	objectVersion = 55;
	objects = {

/* Begin PBXBuildFile section */
		502750542868C4A200D91944 /* WorterbuchApp.swift in Sources */ = {isa = PBXBuildFile; fileRef = 502750532868C4A200D91944 /* WorterbuchApp.swift */; };
		502750562868C4A200D91944 /* ContentView.swift in Sources */ = {isa = PBXBuildFile; fileRef = 502750552868C4A200D91944 /* ContentView.swift */; };
		502750642868D24500D91944 /* verbsInformationsModel.swift in Sources */ = {isa = PBXBuildFile; fileRef = 502750632868D24500D91944 /* verbsInformationsModel.swift */; };
		502750662868D71500D91944 /* Bundle.swift in Sources */ = {isa = PBXBuildFile; fileRef = 502750652868D71500D91944 /* Bundle.swift */; };
		502DD2582998DC4C006A9274 /* VerbListView.swift in Sources */ = {isa = PBXBuildFile; fileRef = 502DD2572998DC4B006A9274 /* VerbListView.swift */; };
		502DD25A2998DD08006A9274 /* VerbCellView.swift in Sources */ = {isa = PBXBuildFile; fileRef = 502DD2592998DD08006A9274 /* VerbCellView.swift */; };
		502DD25C2998FC30006A9274 /* SaveButtonView.swift in Sources */ = {isa = PBXBuildFile; fileRef = 502DD25B2998FC30006A9274 /* SaveButtonView.swift */; };
		503732292995760B00BF74E8 /* VerbListViewModel.swift in Sources */ = {isa = PBXBuildFile; fileRef = 503732282995760B00BF74E8 /* VerbListViewModel.swift */; };
		5037322C2995778400BF74E8 /* Constants.swift in Sources */ = {isa = PBXBuildFile; fileRef = 5037322B2995778400BF74E8 /* Constants.swift */; };
		5065131729A407B600BCB835 /* DynamicVerbsView.swift in Sources */ = {isa = PBXBuildFile; fileRef = 5065131629A407B600BCB835 /* DynamicVerbsView.swift */; };
		506CF42128F70CEB002F7D9B /* Verbs.json in Resources */ = {isa = PBXBuildFile; fileRef = 506CF42028F70CEB002F7D9B /* Verbs.json */; };
		506F530D29A0F59F0064EEAD /* VerbView.swift in Sources */ = {isa = PBXBuildFile; fileRef = 506F530C29A0F59F0064EEAD /* VerbView.swift */; };
		5080006729903C6E00E90AAB /* WebService.swift in Sources */ = {isa = PBXBuildFile; fileRef = 5080006629903C6E00E90AAB /* WebService.swift */; };
		508A420F2973EA34006AC1F3 /* RingBackgroundShape.swift in Sources */ = {isa = PBXBuildFile; fileRef = 508A420E2973EA34006AC1F3 /* RingBackgroundShape.swift */; };
		508A42112973F153006AC1F3 /* RingShape.swift in Sources */ = {isa = PBXBuildFile; fileRef = 508A42102973F153006AC1F3 /* RingShape.swift */; };
		508A42132973F605006AC1F3 /* RingView.swift in Sources */ = {isa = PBXBuildFile; fileRef = 508A42122973F605006AC1F3 /* RingView.swift */; };
		508A42152973F67B006AC1F3 /* RingTipShape.swift in Sources */ = {isa = PBXBuildFile; fileRef = 508A42142973F67B006AC1F3 /* RingTipShape.swift */; };
		508A421B297488D7006AC1F3 /* PercentageCalculation.swift in Sources */ = {isa = PBXBuildFile; fileRef = 508A421A297488D7006AC1F3 /* PercentageCalculation.swift */; };
		56068E0E2944B53F009000EF /* newVerbs.xcdatamodeld in Sources */ = {isa = PBXBuildFile; fileRef = 56068E0C2944B53F009000EF /* newVerbs.xcdatamodeld */; };
		561704F929100CAB004DE71A /* DataController.swift in Sources */ = {isa = PBXBuildFile; fileRef = 561704F829100CAB004DE71A /* DataController.swift */; };
		5620CACC29326394002287F2 /* SearchBar.swift in Sources */ = {isa = PBXBuildFile; fileRef = 5620CACB29326394002287F2 /* SearchBar.swift */; };
		563D094828EDB8AE00F336D6 /* FavoriteVerbsView.swift in Sources */ = {isa = PBXBuildFile; fileRef = 563D094728EDB8AE00F336D6 /* FavoriteVerbsView.swift */; };
		563D094A28EDB8F800F336D6 /* AddVerbViw.swift in Sources */ = {isa = PBXBuildFile; fileRef = 563D094928EDB8F800F336D6 /* AddVerbViw.swift */; };
		563D094C28EDBE0300F336D6 /* HomeView.swift in Sources */ = {isa = PBXBuildFile; fileRef = 563D094B28EDBE0300F336D6 /* HomeView.swift */; };
		5681B034295621F900B7259C /* Assets.xcassets in Resources */ = {isa = PBXBuildFile; fileRef = 5681B033295621F900B7259C /* Assets.xcassets */; };
		5693B02028F19655001189D7 /* SearchView.swift in Sources */ = {isa = PBXBuildFile; fileRef = 5693B01F28F19655001189D7 /* SearchView.swift */; };
/* End PBXBuildFile section */

/* Begin PBXFileReference section */
		502750502868C4A200D91944 /* Dictionary.app */ = {isa = PBXFileReference; explicitFileType = wrapper.application; includeInIndex = 0; path = Dictionary.app; sourceTree = BUILT_PRODUCTS_DIR; };
		502750532868C4A200D91944 /* WorterbuchApp.swift */ = {isa = PBXFileReference; lastKnownFileType = sourcecode.swift; path = WorterbuchApp.swift; sourceTree = "<group>"; };
		502750552868C4A200D91944 /* ContentView.swift */ = {isa = PBXFileReference; lastKnownFileType = sourcecode.swift; path = ContentView.swift; sourceTree = "<group>"; };
		502750632868D24500D91944 /* verbsInformationsModel.swift */ = {isa = PBXFileReference; lastKnownFileType = sourcecode.swift; path = verbsInformationsModel.swift; sourceTree = "<group>"; };
		502750652868D71500D91944 /* Bundle.swift */ = {isa = PBXFileReference; lastKnownFileType = sourcecode.swift; path = Bundle.swift; sourceTree = "<group>"; };
		502DD2572998DC4B006A9274 /* VerbListView.swift */ = {isa = PBXFileReference; lastKnownFileType = sourcecode.swift; path = VerbListView.swift; sourceTree = "<group>"; };
		502DD2592998DD08006A9274 /* VerbCellView.swift */ = {isa = PBXFileReference; lastKnownFileType = sourcecode.swift; path = VerbCellView.swift; sourceTree = "<group>"; };
		502DD25B2998FC30006A9274 /* SaveButtonView.swift */ = {isa = PBXFileReference; lastKnownFileType = sourcecode.swift; path = SaveButtonView.swift; sourceTree = "<group>"; };
		503732282995760B00BF74E8 /* VerbListViewModel.swift */ = {isa = PBXFileReference; lastKnownFileType = sourcecode.swift; path = VerbListViewModel.swift; sourceTree = "<group>"; };
		5037322B2995778400BF74E8 /* Constants.swift */ = {isa = PBXFileReference; lastKnownFileType = sourcecode.swift; path = Constants.swift; sourceTree = "<group>"; };
		5065131629A407B600BCB835 /* DynamicVerbsView.swift */ = {isa = PBXFileReference; fileEncoding = 4; lastKnownFileType = sourcecode.swift; name = DynamicVerbsView.swift; path = "../../../../../Library/Mobile Documents/com~apple~CloudDocs/.Trash/DynamicVerbsView.swift"; sourceTree = "<group>"; };
		506CF42028F70CEB002F7D9B /* Verbs.json */ = {isa = PBXFileReference; lastKnownFileType = text.json; path = Verbs.json; sourceTree = "<group>"; };
		506F530C29A0F59F0064EEAD /* VerbView.swift */ = {isa = PBXFileReference; lastKnownFileType = sourcecode.swift; path = VerbView.swift; sourceTree = "<group>"; };
		5080006629903C6E00E90AAB /* WebService.swift */ = {isa = PBXFileReference; lastKnownFileType = sourcecode.swift; path = WebService.swift; sourceTree = "<group>"; };
		508A420E2973EA34006AC1F3 /* RingBackgroundShape.swift */ = {isa = PBXFileReference; lastKnownFileType = sourcecode.swift; path = RingBackgroundShape.swift; sourceTree = "<group>"; };
		508A42102973F153006AC1F3 /* RingShape.swift */ = {isa = PBXFileReference; lastKnownFileType = sourcecode.swift; path = RingShape.swift; sourceTree = "<group>"; };
		508A42122973F605006AC1F3 /* RingView.swift */ = {isa = PBXFileReference; lastKnownFileType = sourcecode.swift; path = RingView.swift; sourceTree = "<group>"; };
		508A42142973F67B006AC1F3 /* RingTipShape.swift */ = {isa = PBXFileReference; lastKnownFileType = sourcecode.swift; path = RingTipShape.swift; sourceTree = "<group>"; };
		508A421A297488D7006AC1F3 /* PercentageCalculation.swift */ = {isa = PBXFileReference; lastKnownFileType = sourcecode.swift; path = PercentageCalculation.swift; sourceTree = "<group>"; };
		56068E0D2944B53F009000EF /* newVerbs.xcdatamodel */ = {isa = PBXFileReference; lastKnownFileType = wrapper.xcdatamodel; path = newVerbs.xcdatamodel; sourceTree = "<group>"; };
		561704F829100CAB004DE71A /* DataController.swift */ = {isa = PBXFileReference; lastKnownFileType = sourcecode.swift; path = DataController.swift; sourceTree = "<group>"; };
		5620CACB29326394002287F2 /* SearchBar.swift */ = {isa = PBXFileReference; lastKnownFileType = sourcecode.swift; path = SearchBar.swift; sourceTree = "<group>"; };
		563D094728EDB8AE00F336D6 /* FavoriteVerbsView.swift */ = {isa = PBXFileReference; lastKnownFileType = sourcecode.swift; path = FavoriteVerbsView.swift; sourceTree = "<group>"; };
		563D094928EDB8F800F336D6 /* AddVerbViw.swift */ = {isa = PBXFileReference; lastKnownFileType = sourcecode.swift; path = AddVerbViw.swift; sourceTree = "<group>"; };
		563D094B28EDBE0300F336D6 /* HomeView.swift */ = {isa = PBXFileReference; lastKnownFileType = sourcecode.swift; path = HomeView.swift; sourceTree = "<group>"; };
		5681B033295621F900B7259C /* Assets.xcassets */ = {isa = PBXFileReference; lastKnownFileType = folder.assetcatalog; path = Assets.xcassets; sourceTree = "<group>"; };
		5693B01F28F19655001189D7 /* SearchView.swift */ = {isa = PBXFileReference; lastKnownFileType = sourcecode.swift; path = SearchView.swift; sourceTree = "<group>"; };
/* End PBXFileReference section */

/* Begin PBXFrameworksBuildPhase section */
		5027504D2868C4A200D91944 /* Frameworks */ = {
			isa = PBXFrameworksBuildPhase;
			buildActionMask = 2147483647;
			files = (
			);
			runOnlyForDeploymentPostprocessing = 0;
		};
/* End PBXFrameworksBuildPhase section */

/* Begin PBXGroup section */
		502750472868C4A200D91944 = {
			isa = PBXGroup;
			children = (
				5681B033295621F900B7259C /* Assets.xcassets */,
				502750522868C4A200D91944 /* Dictionary */,
				502750512868C4A200D91944 /* Products */,
			);
			sourceTree = "<group>";
		};
		502750512868C4A200D91944 /* Products */ = {
			isa = PBXGroup;
			children = (
				502750502868C4A200D91944 /* Dictionary.app */,
			);
			name = Products;
			sourceTree = "<group>";
		};
		502750522868C4A200D91944 /* Dictionary */ = {
			isa = PBXGroup;
			children = (
				5037322A2995776600BF74E8 /* Utils */,
				502A74392973201800D45D13 /* ViewModels */,
				502750532868C4A200D91944 /* WorterbuchApp.swift */,
				502750552868C4A200D91944 /* ContentView.swift */,
				5620CACF293265AD002287F2 /* Views */,
				507D46C32994407000D41473 /* Models */,
				5620CACD2932642D002287F2 /* CoreDataStack */,
				5080006529903C2200E90AAB /* Services */,
				502750592868C4A300D91944 /* Preview Content */,
			);
			path = Dictionary;
			sourceTree = "<group>";
		};
		502750592868C4A300D91944 /* Preview Content */ = {
			isa = PBXGroup;
			children = (
				5620CACE29326458002287F2 /* JSON */,
			);
			path = "Preview Content";
			sourceTree = "<group>";
		};
		502A74392973201800D45D13 /* ViewModels */ = {
			isa = PBXGroup;
			children = (
				508A421A297488D7006AC1F3 /* PercentageCalculation.swift */,
				503732282995760B00BF74E8 /* VerbListViewModel.swift */,
			);
			path = ViewModels;
			sourceTree = "<group>";
		};
		5037322A2995776600BF74E8 /* Utils */ = {
			isa = PBXGroup;
			children = (
				5037322B2995778400BF74E8 /* Constants.swift */,
			);
			path = Utils;
			sourceTree = "<group>";
		};
		507D46C32994407000D41473 /* Models */ = {
			isa = PBXGroup;
			children = (
				502750632868D24500D91944 /* verbsInformationsModel.swift */,
			);
			path = Models;
			sourceTree = "<group>";
		};
		5080006529903C2200E90AAB /* Services */ = {
			isa = PBXGroup;
			children = (
				5080006629903C6E00E90AAB /* WebService.swift */,
			);
			path = Services;
			sourceTree = "<group>";
		};
		508A420D2973EA06006AC1F3 /* RingViews */ = {
			isa = PBXGroup;
			children = (
				508A420E2973EA34006AC1F3 /* RingBackgroundShape.swift */,
				508A42102973F153006AC1F3 /* RingShape.swift */,
				508A42122973F605006AC1F3 /* RingView.swift */,
				508A42142973F67B006AC1F3 /* RingTipShape.swift */,
			);
			path = RingViews;
			sourceTree = "<group>";
		};
		5620CACA29326367002287F2 /* Search */ = {
			isa = PBXGroup;
			children = (
				5693B01F28F19655001189D7 /* SearchView.swift */,
				5620CACB29326394002287F2 /* SearchBar.swift */,
			);
			path = Search;
			sourceTree = "<group>";
		};
		5620CACD2932642D002287F2 /* CoreDataStack */ = {
			isa = PBXGroup;
			children = (
				561704F829100CAB004DE71A /* DataController.swift */,
				56068E0C2944B53F009000EF /* newVerbs.xcdatamodeld */,
			);
			path = CoreDataStack;
			sourceTree = "<group>";
		};
		5620CACE29326458002287F2 /* JSON */ = {
			isa = PBXGroup;
			children = (
				506CF42028F70CEB002F7D9B /* Verbs.json */,
				502750652868D71500D91944 /* Bundle.swift */,
			);
			path = JSON;
			sourceTree = "<group>";
		};
		5620CACF293265AD002287F2 /* Views */ = {
			isa = PBXGroup;
			children = (
				5620CACA29326367002287F2 /* Search */,
				508A420D2973EA06006AC1F3 /* RingViews */,
				563D094728EDB8AE00F336D6 /* FavoriteVerbsView.swift */,
				5065131629A407B600BCB835 /* DynamicVerbsView.swift */,
				563D094B28EDBE0300F336D6 /* HomeView.swift */,
				563D094928EDB8F800F336D6 /* AddVerbViw.swift */,
				502DD2572998DC4B006A9274 /* VerbListView.swift */,
				502DD2592998DD08006A9274 /* VerbCellView.swift */,
				502DD25B2998FC30006A9274 /* SaveButtonView.swift */,
				506F530C29A0F59F0064EEAD /* VerbView.swift */,
			);
			path = Views;
			sourceTree = "<group>";
		};
/* End PBXGroup section */

/* Begin PBXNativeTarget section */
		5027504F2868C4A200D91944 /* Dictionary */ = {
			isa = PBXNativeTarget;
			buildConfigurationList = 5027505E2868C4A300D91944 /* Build configuration list for PBXNativeTarget "Dictionary" */;
			buildPhases = (
				5027504C2868C4A200D91944 /* Sources */,
				5027504D2868C4A200D91944 /* Frameworks */,
				5027504E2868C4A200D91944 /* Resources */,
			);
			buildRules = (
			);
			dependencies = (
			);
			name = Dictionary;
			productName = "Dictionary-De";
			productReference = 502750502868C4A200D91944 /* Dictionary.app */;
			productType = "com.apple.product-type.application";
		};
/* End PBXNativeTarget section */

/* Begin PBXProject section */
		502750482868C4A200D91944 /* Project object */ = {
			isa = PBXProject;
			attributes = {
				BuildIndependentTargetsInParallel = 1;
				LastSwiftUpdateCheck = 1330;
				LastUpgradeCheck = 1330;
				TargetAttributes = {
					5027504F2868C4A200D91944 = {
						CreatedOnToolsVersion = 13.3;
					};
				};
			};
			buildConfigurationList = 5027504B2868C4A200D91944 /* Build configuration list for PBXProject "Dictionary" */;
			compatibilityVersion = "Xcode 13.0";
			developmentRegion = en;
			hasScannedForEncodings = 0;
			knownRegions = (
				en,
				Base,
			);
			mainGroup = 502750472868C4A200D91944;
			productRefGroup = 502750512868C4A200D91944 /* Products */;
			projectDirPath = "";
			projectRoot = "";
			targets = (
				5027504F2868C4A200D91944 /* Dictionary */,
			);
		};
/* End PBXProject section */

/* Begin PBXResourcesBuildPhase section */
		5027504E2868C4A200D91944 /* Resources */ = {
			isa = PBXResourcesBuildPhase;
			buildActionMask = 2147483647;
			files = (
				5681B034295621F900B7259C /* Assets.xcassets in Resources */,
				506CF42128F70CEB002F7D9B /* Verbs.json in Resources */,
			);
			runOnlyForDeploymentPostprocessing = 0;
		};
/* End PBXResourcesBuildPhase section */

/* Begin PBXSourcesBuildPhase section */
		5027504C2868C4A200D91944 /* Sources */ = {
			isa = PBXSourcesBuildPhase;
			buildActionMask = 2147483647;
			files = (
				503732292995760B00BF74E8 /* VerbListViewModel.swift in Sources */,
				5620CACC29326394002287F2 /* SearchBar.swift in Sources */,
				508A42112973F153006AC1F3 /* RingShape.swift in Sources */,
				506F530D29A0F59F0064EEAD /* VerbView.swift in Sources */,
				502750562868C4A200D91944 /* ContentView.swift in Sources */,
				502750542868C4A200D91944 /* WorterbuchApp.swift in Sources */,
				502DD2582998DC4C006A9274 /* VerbListView.swift in Sources */,
				508A42152973F67B006AC1F3 /* RingTipShape.swift in Sources */,
				508A42132973F605006AC1F3 /* RingView.swift in Sources */,
				502750662868D71500D91944 /* Bundle.swift in Sources */,
				5080006729903C6E00E90AAB /* WebService.swift in Sources */,
				5065131729A407B600BCB835 /* DynamicVerbsView.swift in Sources */,
				502DD25C2998FC30006A9274 /* SaveButtonView.swift in Sources */,
				56068E0E2944B53F009000EF /* newVerbs.xcdatamodeld in Sources */,
				508A420F2973EA34006AC1F3 /* RingBackgroundShape.swift in Sources */,
				563D094A28EDB8F800F336D6 /* AddVerbViw.swift in Sources */,
				561704F929100CAB004DE71A /* DataController.swift in Sources */,
				5693B02028F19655001189D7 /* SearchView.swift in Sources */,
				502DD25A2998DD08006A9274 /* VerbCellView.swift in Sources */,
				508A421B297488D7006AC1F3 /* PercentageCalculation.swift in Sources */,
				5037322C2995778400BF74E8 /* Constants.swift in Sources */,
				563D094828EDB8AE00F336D6 /* FavoriteVerbsView.swift in Sources */,
				502750642868D24500D91944 /* verbsInformationsModel.swift in Sources */,
				563D094C28EDBE0300F336D6 /* HomeView.swift in Sources */,
			);
			runOnlyForDeploymentPostprocessing = 0;
		};
/* End PBXSourcesBuildPhase section */

/* Begin XCBuildConfiguration section */
		5027505C2868C4A300D91944 /* Debug */ = {
			isa = XCBuildConfiguration;
			buildSettings = {
				ALWAYS_SEARCH_USER_PATHS = NO;
				CLANG_ANALYZER_NONNULL = YES;
				CLANG_ANALYZER_NUMBER_OBJECT_CONVERSION = YES_AGGRESSIVE;
				CLANG_CXX_LANGUAGE_STANDARD = "gnu++17";
				CLANG_ENABLE_MODULES = YES;
				CLANG_ENABLE_OBJC_ARC = YES;
				CLANG_ENABLE_OBJC_WEAK = YES;
				CLANG_WARN_BLOCK_CAPTURE_AUTORELEASING = YES;
				CLANG_WARN_BOOL_CONVERSION = YES;
				CLANG_WARN_COMMA = YES;
				CLANG_WARN_CONSTANT_CONVERSION = YES;
				CLANG_WARN_DEPRECATED_OBJC_IMPLEMENTATIONS = YES;
				CLANG_WARN_DIRECT_OBJC_ISA_USAGE = YES_ERROR;
				CLANG_WARN_DOCUMENTATION_COMMENTS = YES;
				CLANG_WARN_EMPTY_BODY = YES;
				CLANG_WARN_ENUM_CONVERSION = YES;
				CLANG_WARN_INFINITE_RECURSION = YES;
				CLANG_WARN_INT_CONVERSION = YES;
				CLANG_WARN_NON_LITERAL_NULL_CONVERSION = YES;
				CLANG_WARN_OBJC_IMPLICIT_RETAIN_SELF = YES;
				CLANG_WARN_OBJC_LITERAL_CONVERSION = YES;
				CLANG_WARN_OBJC_ROOT_CLASS = YES_ERROR;
				CLANG_WARN_QUOTED_INCLUDE_IN_FRAMEWORK_HEADER = YES;
				CLANG_WARN_RANGE_LOOP_ANALYSIS = YES;
				CLANG_WARN_STRICT_PROTOTYPES = YES;
				CLANG_WARN_SUSPICIOUS_MOVE = YES;
				CLANG_WARN_UNGUARDED_AVAILABILITY = YES_AGGRESSIVE;
				CLANG_WARN_UNREACHABLE_CODE = YES;
				CLANG_WARN__DUPLICATE_METHOD_MATCH = YES;
				COPY_PHASE_STRIP = NO;
				DEBUG_INFORMATION_FORMAT = dwarf;
				ENABLE_STRICT_OBJC_MSGSEND = YES;
				ENABLE_TESTABILITY = YES;
				GCC_C_LANGUAGE_STANDARD = gnu11;
				GCC_DYNAMIC_NO_PIC = NO;
				GCC_NO_COMMON_BLOCKS = YES;
				GCC_OPTIMIZATION_LEVEL = 0;
				GCC_PREPROCESSOR_DEFINITIONS = (
					"DEBUG=1",
					"$(inherited)",
				);
				GCC_WARN_64_TO_32_BIT_CONVERSION = YES;
				GCC_WARN_ABOUT_RETURN_TYPE = YES_ERROR;
				GCC_WARN_UNDECLARED_SELECTOR = YES;
				GCC_WARN_UNINITIALIZED_AUTOS = YES_AGGRESSIVE;
				GCC_WARN_UNUSED_FUNCTION = YES;
				GCC_WARN_UNUSED_VARIABLE = YES;
				IPHONEOS_DEPLOYMENT_TARGET = 15.4;
				MTL_ENABLE_DEBUG_INFO = INCLUDE_SOURCE;
				MTL_FAST_MATH = YES;
				ONLY_ACTIVE_ARCH = YES;
				SDKROOT = iphoneos;
				SWIFT_ACTIVE_COMPILATION_CONDITIONS = DEBUG;
				SWIFT_OPTIMIZATION_LEVEL = "-Onone";
			};
			name = Debug;
		};
		5027505D2868C4A300D91944 /* Release */ = {
			isa = XCBuildConfiguration;
			buildSettings = {
				ALWAYS_SEARCH_USER_PATHS = NO;
				CLANG_ANALYZER_NONNULL = YES;
				CLANG_ANALYZER_NUMBER_OBJECT_CONVERSION = YES_AGGRESSIVE;
				CLANG_CXX_LANGUAGE_STANDARD = "gnu++17";
				CLANG_ENABLE_MODULES = YES;
				CLANG_ENABLE_OBJC_ARC = YES;
				CLANG_ENABLE_OBJC_WEAK = YES;
				CLANG_WARN_BLOCK_CAPTURE_AUTORELEASING = YES;
				CLANG_WARN_BOOL_CONVERSION = YES;
				CLANG_WARN_COMMA = YES;
				CLANG_WARN_CONSTANT_CONVERSION = YES;
				CLANG_WARN_DEPRECATED_OBJC_IMPLEMENTATIONS = YES;
				CLANG_WARN_DIRECT_OBJC_ISA_USAGE = YES_ERROR;
				CLANG_WARN_DOCUMENTATION_COMMENTS = YES;
				CLANG_WARN_EMPTY_BODY = YES;
				CLANG_WARN_ENUM_CONVERSION = YES;
				CLANG_WARN_INFINITE_RECURSION = YES;
				CLANG_WARN_INT_CONVERSION = YES;
				CLANG_WARN_NON_LITERAL_NULL_CONVERSION = YES;
				CLANG_WARN_OBJC_IMPLICIT_RETAIN_SELF = YES;
				CLANG_WARN_OBJC_LITERAL_CONVERSION = YES;
				CLANG_WARN_OBJC_ROOT_CLASS = YES_ERROR;
				CLANG_WARN_QUOTED_INCLUDE_IN_FRAMEWORK_HEADER = YES;
				CLANG_WARN_RANGE_LOOP_ANALYSIS = YES;
				CLANG_WARN_STRICT_PROTOTYPES = YES;
				CLANG_WARN_SUSPICIOUS_MOVE = YES;
				CLANG_WARN_UNGUARDED_AVAILABILITY = YES_AGGRESSIVE;
				CLANG_WARN_UNREACHABLE_CODE = YES;
				CLANG_WARN__DUPLICATE_METHOD_MATCH = YES;
				COPY_PHASE_STRIP = NO;
				DEBUG_INFORMATION_FORMAT = "dwarf-with-dsym";
				ENABLE_NS_ASSERTIONS = NO;
				ENABLE_STRICT_OBJC_MSGSEND = YES;
				GCC_C_LANGUAGE_STANDARD = gnu11;
				GCC_NO_COMMON_BLOCKS = YES;
				GCC_WARN_64_TO_32_BIT_CONVERSION = YES;
				GCC_WARN_ABOUT_RETURN_TYPE = YES_ERROR;
				GCC_WARN_UNDECLARED_SELECTOR = YES;
				GCC_WARN_UNINITIALIZED_AUTOS = YES_AGGRESSIVE;
				GCC_WARN_UNUSED_FUNCTION = YES;
				GCC_WARN_UNUSED_VARIABLE = YES;
				IPHONEOS_DEPLOYMENT_TARGET = 15.4;
				MTL_ENABLE_DEBUG_INFO = NO;
				MTL_FAST_MATH = YES;
				SDKROOT = iphoneos;
				SWIFT_COMPILATION_MODE = wholemodule;
				SWIFT_OPTIMIZATION_LEVEL = "-O";
				VALIDATE_PRODUCT = YES;
			};
			name = Release;
		};
		5027505F2868C4A300D91944 /* Debug */ = {
			isa = XCBuildConfiguration;
			buildSettings = {
				ASSETCATALOG_COMPILER_APPICON_NAME = AppIcon;
				ASSETCATALOG_COMPILER_GLOBAL_ACCENT_COLOR_NAME = AccentColor;
				CODE_SIGN_IDENTITY = "Apple Development";
				CODE_SIGN_STYLE = Automatic;
				CURRENT_PROJECT_VERSION = 1;
				DEVELOPMENT_ASSET_PATHS = "\"Dictionary/Preview Content\"";
				DEVELOPMENT_TEAM = 2BWN7YL3ZA;
				ENABLE_PREVIEWS = YES;
				GENERATE_INFOPLIST_FILE = YES;
				INFOPLIST_KEY_UIApplicationSceneManifest_Generation = YES;
				INFOPLIST_KEY_UIApplicationSupportsIndirectInputEvents = YES;
				INFOPLIST_KEY_UILaunchScreen_Generation = YES;
				INFOPLIST_KEY_UISupportedInterfaceOrientations_iPad = "UIInterfaceOrientationPortrait UIInterfaceOrientationPortraitUpsideDown UIInterfaceOrientationLandscapeLeft UIInterfaceOrientationLandscapeRight";
				INFOPLIST_KEY_UISupportedInterfaceOrientations_iPhone = "UIInterfaceOrientationPortrait UIInterfaceOrientationLandscapeLeft UIInterfaceOrientationLandscapeRight";
				LD_RUNPATH_SEARCH_PATHS = (
					"$(inherited)",
					"@executable_path/Frameworks",
				);
				MARKETING_VERSION = 1.0;
				PRODUCT_BUNDLE_IDENTIFIER = "NS.Deutsch-German.Dictionary";
				PRODUCT_NAME = "$(TARGET_NAME)";
				PROVISIONING_PROFILE_SPECIFIER = "";
				SWIFT_EMIT_LOC_STRINGS = YES;
				SWIFT_VERSION = 5.0;
				TARGETED_DEVICE_FAMILY = "1,2";
			};
			name = Debug;
		};
		502750602868C4A300D91944 /* Release */ = {
			isa = XCBuildConfiguration;
			buildSettings = {
				ASSETCATALOG_COMPILER_APPICON_NAME = AppIcon;
				ASSETCATALOG_COMPILER_GLOBAL_ACCENT_COLOR_NAME = AccentColor;
				CODE_SIGN_IDENTITY = "Apple Development";
				CODE_SIGN_STYLE = Automatic;
				CURRENT_PROJECT_VERSION = 1;
				DEVELOPMENT_ASSET_PATHS = "\"Dictionary/Preview Content\"";
				DEVELOPMENT_TEAM = 2BWN7YL3ZA;
				ENABLE_PREVIEWS = YES;
				GENERATE_INFOPLIST_FILE = YES;
				INFOPLIST_KEY_UIApplicationSceneManifest_Generation = YES;
				INFOPLIST_KEY_UIApplicationSupportsIndirectInputEvents = YES;
				INFOPLIST_KEY_UILaunchScreen_Generation = YES;
				INFOPLIST_KEY_UISupportedInterfaceOrientations_iPad = "UIInterfaceOrientationPortrait UIInterfaceOrientationPortraitUpsideDown UIInterfaceOrientationLandscapeLeft UIInterfaceOrientationLandscapeRight";
				INFOPLIST_KEY_UISupportedInterfaceOrientations_iPhone = "UIInterfaceOrientationPortrait UIInterfaceOrientationLandscapeLeft UIInterfaceOrientationLandscapeRight";
				LD_RUNPATH_SEARCH_PATHS = (
					"$(inherited)",
					"@executable_path/Frameworks",
				);
				MARKETING_VERSION = 1.0;
				PRODUCT_BUNDLE_IDENTIFIER = "NS.Deutsch-German.Dictionary";
				PRODUCT_NAME = "$(TARGET_NAME)";
				PROVISIONING_PROFILE_SPECIFIER = "";
				SWIFT_EMIT_LOC_STRINGS = YES;
				SWIFT_VERSION = 5.0;
				TARGETED_DEVICE_FAMILY = "1,2";
			};
			name = Release;
		};
/* End XCBuildConfiguration section */

/* Begin XCConfigurationList section */
		5027504B2868C4A200D91944 /* Build configuration list for PBXProject "Dictionary" */ = {
			isa = XCConfigurationList;
			buildConfigurations = (
				5027505C2868C4A300D91944 /* Debug */,
				5027505D2868C4A300D91944 /* Release */,
			);
			defaultConfigurationIsVisible = 0;
			defaultConfigurationName = Release;
		};
		5027505E2868C4A300D91944 /* Build configuration list for PBXNativeTarget "Dictionary" */ = {
			isa = XCConfigurationList;
			buildConfigurations = (
				5027505F2868C4A300D91944 /* Debug */,
				502750602868C4A300D91944 /* Release */,
			);
			defaultConfigurationIsVisible = 0;
			defaultConfigurationName = Release;
		};
/* End XCConfigurationList section */

/* Begin XCVersionGroup section */
		56068E0C2944B53F009000EF /* newVerbs.xcdatamodeld */ = {
			isa = XCVersionGroup;
			children = (
				56068E0D2944B53F009000EF /* newVerbs.xcdatamodel */,
			);
			currentVersion = 56068E0D2944B53F009000EF /* newVerbs.xcdatamodel */;
			path = newVerbs.xcdatamodeld;
			sourceTree = "<group>";
			versionGroupType = wrapper.xcdatamodel;
		};
/* End XCVersionGroup section */
	};
	rootObject = 502750482868C4A200D91944 /* Project object */;
}
